<?xml version="1.0" encoding="utf-8"?>
<Project ToolsVersion="4.0" xmlns="http://schemas.microsoft.com/developer/msbuild/2003">
  <ItemGroup>
    <Filter Include="소스 파일">
      <UniqueIdentifier>{4FC737F1-C7A5-4376-A066-2A32D752A2FF}</UniqueIdentifier>
      <Extensions>cpp;c;cc;cxx;c++;cppm;ixx;def;odl;idl;hpj;bat;asm;asmx</Extensions>
    </Filter>
    <Filter Include="헤더 파일">
      <UniqueIdentifier>{93995380-89BD-4b04-88EB-625FBE52EBFB}</UniqueIdentifier>
      <Extensions>h;hh;hpp;hxx;h++;hm;inl;inc;ipp;xsd</Extensions>
    </Filter>
    <Filter Include="리소스 파일">
      <UniqueIdentifier>{67DA6AB6-F800-4c08-8B7A-83BB121AAD01}</UniqueIdentifier>
      <Extensions>rc;ico;cur;bmp;dlg;rc2;rct;bin;rgs;gif;jpg;jpeg;jpe;resx;tiff;tif;png;wav;mfcribbon-ms</Extensions>
    </Filter>
  </ItemGroup>
  <ItemGroup>
    <ClCompile Include="bakecode_msvc.cpp">
      <Filter>소스 파일</Filter>
    </ClCompile>
    <ClCompile Include="main.cpp">
      <Filter>소스 파일</Filter>
    </ClCompile>
  </ItemGroup>
  <ItemGroup>
    <ClInclude Include="arr_expend.h">
      <Filter>헤더 파일</Filter>
    </ClInclude>
    <ClInclude Include="dbg.h">
      <Filter>헤더 파일</Filter>
    </ClInclude>
    <ClInclude Include="infArray_fm_v0.h">
      <Filter>헤더 파일</Filter>
    </ClInclude>
    <ClInclude Include="multifor.h">
      <Filter>헤더 파일</Filter>
    </ClInclude>
    <ClInclude Include="sen_tr.h">
      <Filter>헤더 파일</Filter>
    </ClInclude>
    <ClInclude Include="Utill_FreeMemory.h">
      <Filter>헤더 파일</Filter>
    </ClInclude>
    <ClInclude Include="exAdd.h">
      <Filter>헤더 파일</Filter>
    </ClInclude>
    <ClInclude Include="ICB_Extension.h">
      <Filter>헤더 파일</Filter>
    </ClInclude>
    <ClInclude Include="InsideCodeBake.h">
      <Filter>헤더 파일</Filter>
    </ClInclude>
    <ClInclude Include="exGeometry.h">
      <Filter>헤더 파일</Filter>
    </ClInclude>
  </ItemGroup>
  <ItemGroup>
    <Text Include="code.txt">
      <Filter>리소스 파일</Filter>
    </Text>
    <Text Include="instruction_table.txt">
      <Filter>리소스 파일</Filter>
    </Text>
    <Text Include="memo.txt" />
    <Text Include="exAdd.txt">
      <Filter>헤더 파일</Filter>
    </Text>
    <Text Include="exGeometry.txt">
      <Filter>헤더 파일</Filter>
    </Text>
    <Text Include="icb_dbg.txt" />
  </ItemGroup>
  <ItemGroup>
    <None Include="fm1_sizetable.bin">
      <Filter>리소스 파일</Filter>
    </None>
  </ItemGroup>
</Project>